
Microsoft Visual Studio Solution File, Format Version 12.00
# Visual Studio Version 17
VisualStudioVersion = 17.4.33213.308
MinimumVisualStudioVersion = 10.0.40219.1
Project("{FAE04EC0-301F-11D3-BF4B-00C04F79EFBC}") = "Prog201_CardGame", "Prog201_CardGame\Prog201_CardGame.csproj", "{33399727-B055-4866-B556-5FB1EF39CBCB}"
EndProject
Global
	GlobalSection(SolutionConfigurationPlatforms) = preSolution
		Debug|Any CPU = Debug|Any CPU
		Release|Any CPU = Release|Any CPU
	EndGlobalSection
	GlobalSection(ProjectConfigurationPlatforms) = postSolution
		{33399727-B055-4866-B556-5FB1EF39CBCB}.Debug|Any CPU.ActiveCfg = Debug|Any CPU
		{33399727-B055-4866-B556-5FB1EF39CBCB}.Debug|Any CPU.Build.0 = Debug|Any CPU
		{33399727-B055-4866-B556-5FB1EF39CBCB}.Release|Any CPU.ActiveCfg = Release|Any CPU
		{33399727-B055-4866-B556-5FB1EF39CBCB}.Release|Any CPU.Build.0 = Release|Any CPU
	EndGlobalSection
	GlobalSection(SolutionProperties) = preSolution
		HideSolutionNode = FALSE
	EndGlobalSection
	GlobalSection(ExtensibilityGlobals) = postSolution
		SolutionGuid = {996ACBA4-B16F-4A90-8222-79F9816C6EA7}
	EndGlobalSection
EndGlobal
